schema: '2.0'
stages:
  data_ingestion:
    cmd: python src/data_ingestion.py
    deps:
    - path: src/data_ingestion.py
      hash: md5
      md5: 3711e530ea4c092a2d85d2c686f6a4b8
      size: 7282
    params:
      params.yaml:
        data_ingestion.test_size: 0.23
    outs:
    - path: data/raw
      hash: md5
      md5: 47aa3f6bfdbd4ea42f8fe943c06e1a0c.dir
      size: 484846
      nfiles: 2
  data_preprocessing:
    cmd: python src/data_preprocessing.py
    deps:
    - path: data/raw
      hash: md5
      md5: 47aa3f6bfdbd4ea42f8fe943c06e1a0c.dir
      size: 484846
      nfiles: 2
    - path: src/data_preprocessing.py
      hash: md5
      md5: 07e576480f7284393ba83f8bc10ff8cb
      size: 3975
    outs:
    - path: data/interim
      hash: md5
      md5: 7b2c6b1dc54c35d7b238c2a8bbe4b809.dir
      size: 261109
      nfiles: 2
  feature_engineering:
    cmd: python src/feature_engineering.py
    deps:
    - path: data/interim
      hash: md5
      md5: 7b2c6b1dc54c35d7b238c2a8bbe4b809.dir
      size: 261109
      nfiles: 2
    - path: src/feature_engineering.py
      hash: md5
      md5: d2cc8c5b6fda780aaded99dae3da3fef
      size: 3912
    params:
      params.yaml:
        feature_engineering.max_features: 5
    outs:
    - path: data/processed
      hash: md5
      md5: 1d84a98d2822920b1b1d87a8e3f1b901.dir
      size: 126640
      nfiles: 2
  model_building:
    cmd: python src/model_building.py
    deps:
    - path: data/processed
      hash: md5
      md5: 1d84a98d2822920b1b1d87a8e3f1b901.dir
      size: 126640
      nfiles: 2
    - path: src/model_building.py
      hash: md5
      md5: d62f4253d4f19d15916f91db4ce82432
      size: 4425
    params:
      params.yaml:
        model_building.n_estimators: 100
        model_building.random_state: 42
    outs:
    - path: models/model.pkl
      hash: md5
      md5: cd5ca156cf82f67eced6a8bdf6cd4a57
      size: 322750
  model_evaluation:
    cmd: python src/model_evaluation.py
    deps:
    - path: models/model.pkl
      hash: md5
      md5: cd5ca156cf82f67eced6a8bdf6cd4a57
      size: 322750
    - path: src/model_evaluation.py
      hash: md5
      md5: 553abb63c25d201ab4732efe779df04d
      size: 4639
    outs:
    - path: reports/metrics.json
      hash: md5
      md5: 96497048668fdbc728338d490c3aeec9
      size: 145
